
Microsoft Visual Studio Solution File, Format Version 12.00
# Visual Studio 14
VisualStudioVersion = 14.0.25123.0
MinimumVisualStudioVersion = 10.0.40219.1
Project("{F184B08F-C81C-45F6-A57F-5ABD9991F28F}") = "TypingChallenge", "TypingChallenge\TypingChallenge.vbproj", "{8269F4BC-4601-4D77-A3F6-A9C24B3882D9}"
EndProject
Global
	GlobalSection(SolutionConfigurationPlatforms) = preSolution
		Debug|Any CPU = Debug|Any CPU
		Release|Any CPU = Release|Any CPU
	EndGlobalSection
	GlobalSection(ProjectConfigurationPlatforms) = postSolution
		{8269F4BC-4601-4D77-A3F6-A9C24B3882D9}.Debug|Any CPU.ActiveCfg = Debug|Any CPU
		{8269F4BC-4601-4D77-A3F6-A9C24B3882D9}.Debug|Any CPU.Build.0 = Debug|Any CPU
		{8269F4BC-4601-4D77-A3F6-A9C24B3882D9}.Release|Any CPU.ActiveCfg = Release|Any CPU
		{8269F4BC-4601-4D77-A3F6-A9C24B3882D9}.Release|Any CPU.Build.0 = Release|Any CPU
	EndGlobalSection
	GlobalSection(SolutionProperties) = preSolution
		HideSolutionNode = FALSE
	EndGlobalSection
EndGlobal
